
Microsoft Visual Studio Solution File, Format Version 12.00
# Visual Studio 14
VisualStudioVersion = 14.0.25420.1
MinimumVisualStudioVersion = 10.0.40219.1
Project("{FAE04EC0-301F-11D3-BF4B-00C04F79EFBC}") = "Baymax.Console", "Baymax.Console\Baymax.Console.csproj", "{DDA22186-197A-49BE-A74A-D095B47E7BEC}"
EndProject
Project("{FAE04EC0-301F-11D3-BF4B-00C04F79EFBC}") = "Baymax.IO", "Baymax.IO\Baymax.IO.csproj", "{2C3E57E0-2378-46DD-8508-B5CFCE1C4452}"
EndProject
Project("{FAE04EC0-301F-11D3-BF4B-00C04F79EFBC}") = "Baymax.Control", "Baymax.Control\Baymax.Control.csproj", "{FFBE1F23-1963-43A2-A7DF-8BCCEE879FAA}"
EndProject
Project("{FAE04EC0-301F-11D3-BF4B-00C04F79EFBC}") = "Baymax.View", "Baymax.View\Baymax.View.csproj", "{B9A47E8F-E226-4272-B83F-1983F0BE49DC}"
EndProject
Project("{FAE04EC0-301F-11D3-BF4B-00C04F79EFBC}") = "Baymax.TestMotor", "Baymax.TestMotor\Baymax.TestMotor.csproj", "{433B52F5-4A42-4453-838A-B423356BE31F}"
EndProject
Project("{FAE04EC0-301F-11D3-BF4B-00C04F79EFBC}") = "TestDrive", "TestDrive\TestDrive.csproj", "{5DBD30B5-2DB5-4EFF-B100-B44A2E1AF75D}"
EndProject
Global
	GlobalSection(SolutionConfigurationPlatforms) = preSolution
		Debug|Any CPU = Debug|Any CPU
		Release|Any CPU = Release|Any CPU
	EndGlobalSection
	GlobalSection(ProjectConfigurationPlatforms) = postSolution
		{DDA22186-197A-49BE-A74A-D095B47E7BEC}.Debug|Any CPU.ActiveCfg = Debug|Any CPU
		{DDA22186-197A-49BE-A74A-D095B47E7BEC}.Debug|Any CPU.Build.0 = Debug|Any CPU
		{DDA22186-197A-49BE-A74A-D095B47E7BEC}.Debug|Any CPU.Deploy.0 = Debug|Any CPU
		{DDA22186-197A-49BE-A74A-D095B47E7BEC}.Release|Any CPU.ActiveCfg = Release|Any CPU
		{DDA22186-197A-49BE-A74A-D095B47E7BEC}.Release|Any CPU.Build.0 = Release|Any CPU
		{DDA22186-197A-49BE-A74A-D095B47E7BEC}.Release|Any CPU.Deploy.0 = Release|Any CPU
		{2C3E57E0-2378-46DD-8508-B5CFCE1C4452}.Debug|Any CPU.ActiveCfg = Debug|Any CPU
		{2C3E57E0-2378-46DD-8508-B5CFCE1C4452}.Debug|Any CPU.Build.0 = Debug|Any CPU
		{2C3E57E0-2378-46DD-8508-B5CFCE1C4452}.Debug|Any CPU.Deploy.0 = Debug|Any CPU
		{2C3E57E0-2378-46DD-8508-B5CFCE1C4452}.Release|Any CPU.ActiveCfg = Release|Any CPU
		{2C3E57E0-2378-46DD-8508-B5CFCE1C4452}.Release|Any CPU.Build.0 = Release|Any CPU
		{2C3E57E0-2378-46DD-8508-B5CFCE1C4452}.Release|Any CPU.Deploy.0 = Release|Any CPU
		{FFBE1F23-1963-43A2-A7DF-8BCCEE879FAA}.Debug|Any CPU.ActiveCfg = Debug|Any CPU
		{FFBE1F23-1963-43A2-A7DF-8BCCEE879FAA}.Debug|Any CPU.Build.0 = Debug|Any CPU
		{FFBE1F23-1963-43A2-A7DF-8BCCEE879FAA}.Debug|Any CPU.Deploy.0 = Debug|Any CPU
		{FFBE1F23-1963-43A2-A7DF-8BCCEE879FAA}.Release|Any CPU.ActiveCfg = Release|Any CPU
		{FFBE1F23-1963-43A2-A7DF-8BCCEE879FAA}.Release|Any CPU.Build.0 = Release|Any CPU
		{FFBE1F23-1963-43A2-A7DF-8BCCEE879FAA}.Release|Any CPU.Deploy.0 = Release|Any CPU
		{B9A47E8F-E226-4272-B83F-1983F0BE49DC}.Debug|Any CPU.ActiveCfg = Debug|Any CPU
		{B9A47E8F-E226-4272-B83F-1983F0BE49DC}.Debug|Any CPU.Build.0 = Debug|Any CPU
		{B9A47E8F-E226-4272-B83F-1983F0BE49DC}.Debug|Any CPU.Deploy.0 = Debug|Any CPU
		{B9A47E8F-E226-4272-B83F-1983F0BE49DC}.Release|Any CPU.ActiveCfg = Release|Any CPU
		{B9A47E8F-E226-4272-B83F-1983F0BE49DC}.Release|Any CPU.Build.0 = Release|Any CPU
		{B9A47E8F-E226-4272-B83F-1983F0BE49DC}.Release|Any CPU.Deploy.0 = Release|Any CPU
		{433B52F5-4A42-4453-838A-B423356BE31F}.Debug|Any CPU.ActiveCfg = Debug|Any CPU
		{433B52F5-4A42-4453-838A-B423356BE31F}.Debug|Any CPU.Build.0 = Debug|Any CPU
		{433B52F5-4A42-4453-838A-B423356BE31F}.Debug|Any CPU.Deploy.0 = Debug|Any CPU
		{433B52F5-4A42-4453-838A-B423356BE31F}.Release|Any CPU.ActiveCfg = Release|Any CPU
		{433B52F5-4A42-4453-838A-B423356BE31F}.Release|Any CPU.Build.0 = Release|Any CPU
		{433B52F5-4A42-4453-838A-B423356BE31F}.Release|Any CPU.Deploy.0 = Release|Any CPU
		{5DBD30B5-2DB5-4EFF-B100-B44A2E1AF75D}.Debug|Any CPU.ActiveCfg = Debug|Any CPU
		{5DBD30B5-2DB5-4EFF-B100-B44A2E1AF75D}.Debug|Any CPU.Build.0 = Debug|Any CPU
		{5DBD30B5-2DB5-4EFF-B100-B44A2E1AF75D}.Debug|Any CPU.Deploy.0 = Debug|Any CPU
		{5DBD30B5-2DB5-4EFF-B100-B44A2E1AF75D}.Release|Any CPU.ActiveCfg = Release|Any CPU
		{5DBD30B5-2DB5-4EFF-B100-B44A2E1AF75D}.Release|Any CPU.Build.0 = Release|Any CPU
		{5DBD30B5-2DB5-4EFF-B100-B44A2E1AF75D}.Release|Any CPU.Deploy.0 = Release|Any CPU
	EndGlobalSection
	GlobalSection(SolutionProperties) = preSolution
		HideSolutionNode = FALSE
	EndGlobalSection
	GlobalSection(ExtensibilityGlobals) = postSolution
		SolutionGuid = {62221285-A418-4C92-9BF3-5A5832A3AC93}
	EndGlobalSection
EndGlobal
